<?xml version="1.0" encoding="utf-8"?>
<Project ToolsVersion="4.0" xmlns="http://schemas.microsoft.com/developer/msbuild/2003">
  <ItemGroup>
    <Filter Include="ソース ファイル">
      <UniqueIdentifier>{4FC737F1-C7A5-4376-A066-2A32D752A2FF}</UniqueIdentifier>
      <Extensions>cpp;c;cc;cxx;c++;cppm;ixx;def;odl;idl;hpj;bat;asm;asmx</Extensions>
    </Filter>
    <Filter Include="ヘッダー ファイル">
      <UniqueIdentifier>{93995380-89BD-4b04-88EB-625FBE52EBFB}</UniqueIdentifier>
      <Extensions>h;hh;hpp;hxx;h++;hm;inl;inc;ipp;xsd</Extensions>
    </Filter>
    <Filter Include="リソース ファイル">
      <UniqueIdentifier>{67DA6AB6-F800-4c08-8B7A-83BB121AAD01}</UniqueIdentifier>
      <Extensions>rc;ico;cur;bmp;dlg;rc2;rct;bin;rgs;gif;jpg;jpeg;jpe;resx;tiff;tif;png;wav;mfcribbon-ms</Extensions>
    </Filter>
    <Filter Include="ソース ファイル\lib">
      <UniqueIdentifier>{331e0e18-3b24-4f17-bc5a-e61d2fe8a167}</UniqueIdentifier>
    </Filter>
    <Filter Include="ヘッダー ファイル\lib">
      <UniqueIdentifier>{6e16ea8a-da35-44a9-9ecb-b79c83022990}</UniqueIdentifier>
    </Filter>
    <Filter Include="ソース ファイル\GameObj">
      <UniqueIdentifier>{027c7f77-60c0-46aa-a776-4dab3beba53e}</UniqueIdentifier>
    </Filter>
    <Filter Include="ヘッダー ファイル\GameObj">
      <UniqueIdentifier>{eef9b721-1021-4b16-a246-3dfc00872fd8}</UniqueIdentifier>
    </Filter>
    <Filter Include="ソース ファイル\lib\Input">
      <UniqueIdentifier>{93f600e8-e369-4098-844a-04d4d5693156}</UniqueIdentifier>
    </Filter>
    <Filter Include="ソース ファイル\lib\Camera">
      <UniqueIdentifier>{188ae459-f43d-4c22-9439-90a18e6fad50}</UniqueIdentifier>
    </Filter>
    <Filter Include="リソース ファイル\ObjShader">
      <UniqueIdentifier>{4dd5e3ca-3dd4-4518-bcf0-b514b0134a98}</UniqueIdentifier>
    </Filter>
    <Filter Include="ソース ファイル\lib\Obj">
      <UniqueIdentifier>{f538b9ee-37be-482b-b8e5-7f7c3ce1d851}</UniqueIdentifier>
    </Filter>
    <Filter Include="ヘッダー ファイル\lib\Camera">
      <UniqueIdentifier>{281a38cb-bad6-4eba-b6ff-e5adba4110dc}</UniqueIdentifier>
    </Filter>
    <Filter Include="ヘッダー ファイル\lib\Math">
      <UniqueIdentifier>{de02d834-15bb-4b37-b202-df3a44d4931e}</UniqueIdentifier>
    </Filter>
    <Filter Include="ヘッダー ファイル\lib\Obj">
      <UniqueIdentifier>{3fe43bff-cdde-4cd5-a76e-8b71c17eab6c}</UniqueIdentifier>
    </Filter>
    <Filter Include="ヘッダー ファイル\lib\Sprite">
      <UniqueIdentifier>{17ac2469-a261-4e0a-8b0a-c1e96c070ee6}</UniqueIdentifier>
    </Filter>
    <Filter Include="ヘッダー ファイル\lib\Scene">
      <UniqueIdentifier>{ee7eeafa-ba10-4f48-adda-53d851321279}</UniqueIdentifier>
    </Filter>
    <Filter Include="リソース ファイル\SpriteShader">
      <UniqueIdentifier>{99634278-35ae-4d91-b345-cfc16641b87d}</UniqueIdentifier>
    </Filter>
    <Filter Include="リソース ファイル\ScreenShader">
      <UniqueIdentifier>{ff9620a1-dd83-45e4-bcf1-c7ba4f3beded}</UniqueIdentifier>
    </Filter>
    <Filter Include="ソース ファイル\lib\Math">
      <UniqueIdentifier>{ddc85c55-7dd0-44fc-ba60-2a9679582e05}</UniqueIdentifier>
    </Filter>
    <Filter Include="ソース ファイル\lib\Scene">
      <UniqueIdentifier>{98665880-bf97-4628-8fdb-31730a64deba}</UniqueIdentifier>
    </Filter>
    <Filter Include="ソース ファイル\lib\Screen">
      <UniqueIdentifier>{0cf03d78-c0e8-4f3a-a0a3-88ae52a7c450}</UniqueIdentifier>
    </Filter>
    <Filter Include="ソース ファイル\lib\Sprite">
      <UniqueIdentifier>{3fed765f-d9dd-4872-8744-fb1e79dc8549}</UniqueIdentifier>
    </Filter>
    <Filter Include="ヘッダー ファイル\lib\Collider">
      <UniqueIdentifier>{482525e3-0f7c-4db6-ae7c-891f800edbb6}</UniqueIdentifier>
    </Filter>
    <Filter Include="ソース ファイル\lib\Collider">
      <UniqueIdentifier>{003ed402-1e96-4b56-ae69-50158e104860}</UniqueIdentifier>
    </Filter>
    <Filter Include="ヘッダー ファイル\lib\Screen">
      <UniqueIdentifier>{d4186948-3272-4baa-808a-7e9a0579c1e6}</UniqueIdentifier>
    </Filter>
    <Filter Include="ヘッダー ファイル\lib\Obj\Model">
      <UniqueIdentifier>{60277e91-8772-4321-915e-5a2e5b30e3a4}</UniqueIdentifier>
    </Filter>
    <Filter Include="ソース ファイル\lib\Obj\Model">
      <UniqueIdentifier>{37cd1151-b7de-40d3-821e-db1624a514da}</UniqueIdentifier>
    </Filter>
    <Filter Include="ソース ファイル\lib\Math\Vector">
      <UniqueIdentifier>{2671a1c2-40f1-41dc-a221-13888586c1dc}</UniqueIdentifier>
    </Filter>
    <Filter Include="ソース ファイル\lib\Scene\Factry">
      <UniqueIdentifier>{b5acfc7c-f5cd-438d-91df-935ca00dda2b}</UniqueIdentifier>
    </Filter>
    <Filter Include="ソース ファイル\lib\Buffer">
      <UniqueIdentifier>{80c70e3f-dd56-443d-a01e-40d477926dd9}</UniqueIdentifier>
    </Filter>
    <Filter Include="ヘッダー ファイル\lib\Buffer">
      <UniqueIdentifier>{bcfa7d92-c5dd-4f99-865a-4d56c9d07e56}</UniqueIdentifier>
    </Filter>
    <Filter Include="ヘッダー ファイル\lib\Math\Vector">
      <UniqueIdentifier>{34de8827-480c-4077-95e2-05d12216df3c}</UniqueIdentifier>
    </Filter>
    <Filter Include="ヘッダー ファイル\lib\Scene\Factory">
      <UniqueIdentifier>{42772aa9-08e8-4017-b335-078ba12f35d9}</UniqueIdentifier>
    </Filter>
    <Filter Include="ヘッダー ファイル\lib\Engine">
      <UniqueIdentifier>{c4836694-7005-4bfb-ab6d-40193e6e2fc8}</UniqueIdentifier>
    </Filter>
    <Filter Include="ソース ファイル\lib\Engine">
      <UniqueIdentifier>{1f0ccf88-d0c0-44b1-b621-34a6efb37278}</UniqueIdentifier>
    </Filter>
    <Filter Include="ヘッダー ファイル\lib\Input">
      <UniqueIdentifier>{6d61ee45-941e-4fce-a5e3-811e68e5ce13}</UniqueIdentifier>
    </Filter>
    <Filter Include="リソース ファイル\ParticleShader">
      <UniqueIdentifier>{14139a39-543d-4ef0-99bb-606295e6c151}</UniqueIdentifier>
    </Filter>
    <Filter Include="ヘッダー ファイル\lib\Particle">
      <UniqueIdentifier>{44e0c28d-5b5a-423f-9b63-e9490a2d51dd}</UniqueIdentifier>
    </Filter>
    <Filter Include="ソース ファイル\lib\Particle">
      <UniqueIdentifier>{aba9683d-4663-44f1-a888-c50d13c20b87}</UniqueIdentifier>
    </Filter>
  </ItemGroup>
  <ItemGroup>
    <ClCompile Include="Matrix.cpp">
      <Filter>ソース ファイル\lib\Math</Filter>
    </ClCompile>
    <ClCompile Include="MyMath.cpp">
      <Filter>ソース ファイル\lib\Math</Filter>
    </ClCompile>
    <ClCompile Include="InputJoypad.cpp">
      <Filter>ソース ファイル\lib\Input</Filter>
    </ClCompile>
    <ClCompile Include="Input.cpp">
      <Filter>ソース ファイル\lib\Input</Filter>
    </ClCompile>
    <ClCompile Include="MyDebugCamera.cpp">
      <Filter>ソース ファイル\lib\Camera</Filter>
    </ClCompile>
    <ClCompile Include="Easing.cpp">
      <Filter>ソース ファイル\lib\Math</Filter>
    </ClCompile>
    <ClCompile Include="main.cpp">
      <Filter>ソース ファイル</Filter>
    </ClCompile>
    <ClCompile Include="IScene.cpp">
      <Filter>ソース ファイル\lib\Scene</Filter>
    </ClCompile>
    <ClCompile Include="Material.cpp">
      <Filter>ソース ファイル\lib\Obj\Model</Filter>
    </ClCompile>
    <ClCompile Include="AssimpModel.cpp">
      <Filter>ソース ファイル\lib\Obj\Model</Filter>
    </ClCompile>
    <ClCompile Include="AssimpLoader.cpp">
      <Filter>ソース ファイル\lib\Obj\Model</Filter>
    </ClCompile>
    <ClCompile Include="Model.cpp">
      <Filter>ソース ファイル\lib\Obj\Model</Filter>
    </ClCompile>
    <ClCompile Include="Sprite.cpp">
      <Filter>ソース ファイル\lib\Sprite</Filter>
    </ClCompile>
    <ClCompile Include="SpriteCommon.cpp">
      <Filter>ソース ファイル\lib\Sprite</Filter>
    </ClCompile>
    <ClCompile Include="SceneManager.cpp">
      <Filter>ソース ファイル\lib\Scene</Filter>
    </ClCompile>
    <ClCompile Include="Quaternion.cpp">
      <Filter>ソース ファイル\lib\Math</Filter>
    </ClCompile>
    <ClCompile Include="ICamera.cpp">
      <Filter>ソース ファイル\lib\Camera</Filter>
    </ClCompile>
    <ClCompile Include="Player.cpp">
      <Filter>ソース ファイル\GameObj</Filter>
    </ClCompile>
    <ClCompile Include="GameCamera.cpp">
      <Filter>ソース ファイル\lib\Camera</Filter>
    </ClCompile>
    <ClCompile Include="CollisionInfo.cpp">
      <Filter>ソース ファイル\lib\Collider</Filter>
    </ClCompile>
    <ClCompile Include="ViewPort.cpp">
      <Filter>ソース ファイル\lib\Screen</Filter>
    </ClCompile>
    <ClCompile Include="ScissorRect.cpp">
      <Filter>ソース ファイル\lib\Screen</Filter>
    </ClCompile>
    <ClCompile Include="ScreenPolygon.cpp">
      <Filter>ソース ファイル\lib\Screen</Filter>
    </ClCompile>
    <ClCompile Include="BaseCollider.cpp">
      <Filter>ソース ファイル\lib\Collider</Filter>
    </ClCompile>
    <ClCompile Include="SphereCollider.cpp">
      <Filter>ソース ファイル\lib\Collider</Filter>
    </ClCompile>
    <ClCompile Include="Vector2D.cpp">
      <Filter>ソース ファイル\lib\Math\Vector</Filter>
    </ClCompile>
    <ClCompile Include="Vector3D.cpp">
      <Filter>ソース ファイル\lib\Math\Vector</Filter>
    </ClCompile>
    <ClCompile Include="Vector4D.cpp">
      <Filter>ソース ファイル\lib\Math\Vector</Filter>
    </ClCompile>
    <ClCompile Include="AbstractSceneFactory.cpp">
      <Filter>ソース ファイル\lib\Scene\Factry</Filter>
    </ClCompile>
    <ClCompile Include="GameScene.cpp">
      <Filter>ソース ファイル\lib\Scene</Filter>
    </ClCompile>
    <ClCompile Include="SceneFactory.cpp">
      <Filter>ソース ファイル\lib\Scene\Factry</Filter>
    </ClCompile>
    <ClCompile Include="ConstBuff.cpp">
      <Filter>ソース ファイル\lib\Buffer</Filter>
    </ClCompile>
    <ClCompile Include="VertIdxBuff.cpp">
      <Filter>ソース ファイル\lib\Buffer</Filter>
    </ClCompile>
    <ClCompile Include="DirectX.cpp">
      <Filter>ソース ファイル\lib\Engine</Filter>
    </ClCompile>
    <ClCompile Include="GPipeline.cpp">
      <Filter>ソース ファイル\lib\Engine</Filter>
    </ClCompile>
    <ClCompile Include="ImGuiManager.cpp">
      <Filter>ソース ファイル\lib\Engine</Filter>
    </ClCompile>
    <ClCompile Include="Light.cpp">
      <Filter>ソース ファイル\lib\Obj</Filter>
    </ClCompile>
    <ClCompile Include="MyXAudio.cpp">
      <Filter>ソース ファイル\lib\Engine</Filter>
    </ClCompile>
    <ClCompile Include="TextureData.cpp">
      <Filter>ソース ファイル\lib\Engine</Filter>
    </ClCompile>
    <ClCompile Include="Shader.cpp">
      <Filter>ソース ファイル\lib\Engine</Filter>
    </ClCompile>
    <ClCompile Include="Window.cpp">
      <Filter>ソース ファイル\lib\Engine</Filter>
    </ClCompile>
    <ClCompile Include="Collision.cpp">
      <Filter>ソース ファイル\lib\Collider</Filter>
    </ClCompile>
    <ClCompile Include="CollisionManager.cpp">
      <Filter>ソース ファイル\lib\Collider</Filter>
    </ClCompile>
    <ClCompile Include="RayCast.cpp">
      <Filter>ソース ファイル\lib\Collider</Filter>
    </ClCompile>
    <ClCompile Include="CollisionPrimitive.cpp">
      <Filter>ソース ファイル\lib\Collider</Filter>
    </ClCompile>
    <ClCompile Include="MeshCollider.cpp">
      <Filter>ソース ファイル\lib\Collider</Filter>
    </ClCompile>
    <ClCompile Include="ParticleCommon.cpp">
      <Filter>ソース ファイル\lib\Particle</Filter>
    </ClCompile>
    <ClCompile Include="Particle.cpp">
      <Filter>ソース ファイル\lib\Particle</Filter>
    </ClCompile>
    <ClCompile Include="Mesh.cpp">
      <Filter>ソース ファイル\lib\Obj\Model</Filter>
    </ClCompile>
    <ClCompile Include="Object3D.cpp">
      <Filter>ソース ファイル\lib\Obj\Model</Filter>
    </ClCompile>
    <ClCompile Include="CollisionAttribute.cpp">
      <Filter>ソース ファイル\lib\Collider</Filter>
    </ClCompile>
    <ClCompile Include="QueryCallBack.cpp">
      <Filter>ソース ファイル\lib\Collider</Filter>
    </ClCompile>
    <ClCompile Include="TouchableObject.cpp">
      <Filter>ソース ファイル\lib\Obj</Filter>
    </ClCompile>
    <ClCompile Include="PointLight.cpp">
      <Filter>ソース ファイル</Filter>
    </ClCompile>
    <ClCompile Include="DirLight.cpp">
      <Filter>ソース ファイル</Filter>
    </ClCompile>
    <ClCompile Include="SpotLight.cpp">
      <Filter>ソース ファイル</Filter>
    </ClCompile>
    <ClCompile Include="CircleShadow.cpp">
      <Filter>ソース ファイル</Filter>
    </ClCompile>
  </ItemGroup>
  <ItemGroup>
    <ClInclude Include="InputJoypad.h">
      <Filter>ヘッダー ファイル\lib\Input</Filter>
    </ClInclude>
    <ClInclude Include="Input.h">
      <Filter>ヘッダー ファイル\lib\Input</Filter>
    </ClInclude>
    <ClInclude Include="Matrix.h">
      <Filter>ヘッダー ファイル\lib\Math</Filter>
    </ClInclude>
    <ClInclude Include="MyMath.h">
      <Filter>ヘッダー ファイル\lib\Math</Filter>
    </ClInclude>
    <ClInclude Include="MyDebugCamera.h">
      <Filter>ヘッダー ファイル\lib\Camera</Filter>
    </ClInclude>
    <ClInclude Include="Easing.h">
      <Filter>ヘッダー ファイル\lib\Math</Filter>
    </ClInclude>
    <ClInclude Include="Sprite.h">
      <Filter>ヘッダー ファイル\lib\Sprite</Filter>
    </ClInclude>
    <ClInclude Include="SpriteCommon.h">
      <Filter>ヘッダー ファイル\lib\Sprite</Filter>
    </ClInclude>
    <ClInclude Include="Material.h">
      <Filter>ヘッダー ファイル\lib\Obj\Model</Filter>
    </ClInclude>
    <ClInclude Include="AssimpModel.h">
      <Filter>ヘッダー ファイル\lib\Obj\Model</Filter>
    </ClInclude>
    <ClInclude Include="AssimpLoader.h">
      <Filter>ヘッダー ファイル\lib\Obj\Model</Filter>
    </ClInclude>
    <ClInclude Include="Model.h">
      <Filter>ヘッダー ファイル\lib\Obj\Model</Filter>
    </ClInclude>
    <ClInclude Include="GameScene.h">
      <Filter>ヘッダー ファイル\lib\Scene</Filter>
    </ClInclude>
    <ClInclude Include="IScene.h">
      <Filter>ヘッダー ファイル\lib\Scene</Filter>
    </ClInclude>
    <ClInclude Include="SceneManager.h">
      <Filter>ヘッダー ファイル\lib\Scene</Filter>
    </ClInclude>
    <ClInclude Include="Quaternion.h">
      <Filter>ヘッダー ファイル\lib\Math</Filter>
    </ClInclude>
    <ClInclude Include="ICamera.h">
      <Filter>ヘッダー ファイル\lib\Camera</Filter>
    </ClInclude>
    <ClInclude Include="Player.h">
      <Filter>ヘッダー ファイル\GameObj</Filter>
    </ClInclude>
    <ClInclude Include="GameCamera.h">
      <Filter>ヘッダー ファイル\lib\Camera</Filter>
    </ClInclude>
    <ClInclude Include="CollisionInfo.h">
      <Filter>ヘッダー ファイル\lib\Collider</Filter>
    </ClInclude>
    <ClInclude Include="CollisionType.h">
      <Filter>ヘッダー ファイル\lib\Collider</Filter>
    </ClInclude>
    <ClInclude Include="BaseCollider.h">
      <Filter>ヘッダー ファイル\lib\Collider</Filter>
    </ClInclude>
    <ClInclude Include="SphereCollider.h">
      <Filter>ヘッダー ファイル\lib\Collider</Filter>
    </ClInclude>
    <ClInclude Include="ScissorRect.h">
      <Filter>ヘッダー ファイル\lib\Screen</Filter>
    </ClInclude>
    <ClInclude Include="ViewPort.h">
      <Filter>ヘッダー ファイル\lib\Screen</Filter>
    </ClInclude>
    <ClInclude Include="ScreenPolygon.h">
      <Filter>ヘッダー ファイル\lib\Screen</Filter>
    </ClInclude>
    <ClInclude Include="VertIdxBuff.h">
      <Filter>ヘッダー ファイル\lib\Buffer</Filter>
    </ClInclude>
    <ClInclude Include="ConstBuff.h">
      <Filter>ヘッダー ファイル\lib\Buffer</Filter>
    </ClInclude>
    <ClInclude Include="Vector2D.h">
      <Filter>ヘッダー ファイル\lib\Math\Vector</Filter>
    </ClInclude>
    <ClInclude Include="Vector3D.h">
      <Filter>ヘッダー ファイル\lib\Math\Vector</Filter>
    </ClInclude>
    <ClInclude Include="Vector4D.h">
      <Filter>ヘッダー ファイル\lib\Math\Vector</Filter>
    </ClInclude>
    <ClInclude Include="AbstractSceneFactory.h">
      <Filter>ヘッダー ファイル\lib\Scene\Factory</Filter>
    </ClInclude>
    <ClInclude Include="SceneFactory.h">
      <Filter>ヘッダー ファイル\lib\Scene\Factory</Filter>
    </ClInclude>
    <ClInclude Include="DirectX.h">
      <Filter>ヘッダー ファイル\lib\Engine</Filter>
    </ClInclude>
    <ClInclude Include="ImGuiManager.h">
      <Filter>ヘッダー ファイル\lib\Engine</Filter>
    </ClInclude>
    <ClInclude Include="MyXAudio.h">
      <Filter>ヘッダー ファイル\lib\Engine</Filter>
    </ClInclude>
    <ClInclude Include="Light.h">
      <Filter>ヘッダー ファイル\lib\Obj</Filter>
    </ClInclude>
    <ClInclude Include="Shader.h">
      <Filter>ヘッダー ファイル\lib\Engine</Filter>
    </ClInclude>
    <ClInclude Include="TextureData.h">
      <Filter>ヘッダー ファイル\lib\Engine</Filter>
    </ClInclude>
    <ClInclude Include="Window.h">
      <Filter>ヘッダー ファイル\lib\Engine</Filter>
    </ClInclude>
    <ClInclude Include="GPipeline.h">
      <Filter>ヘッダー ファイル\lib\Engine</Filter>
    </ClInclude>
    <ClInclude Include="VertexStruct.h">
      <Filter>ヘッダー ファイル\lib\Buffer</Filter>
    </ClInclude>
    <ClInclude Include="Collision.h">
      <Filter>ヘッダー ファイル\lib\Collider</Filter>
    </ClInclude>
    <ClInclude Include="CollisionManager.h">
      <Filter>ヘッダー ファイル\lib\Collider</Filter>
    </ClInclude>
    <ClInclude Include="CollisionPrimitive.h">
      <Filter>ヘッダー ファイル\lib\Collider</Filter>
    </ClInclude>
    <ClInclude Include="RayCast.h">
      <Filter>ヘッダー ファイル\lib\Collider</Filter>
    </ClInclude>
    <ClInclude Include="MeshCollider.h">
      <Filter>ヘッダー ファイル\lib\Collider</Filter>
    </ClInclude>
    <ClInclude Include="ParticleCommon.h">
      <Filter>ヘッダー ファイル\lib\Particle</Filter>
    </ClInclude>
    <ClInclude Include="Particle.h">
      <Filter>ヘッダー ファイル\lib\Particle</Filter>
    </ClInclude>
    <ClInclude Include="Mesh.h">
      <Filter>ヘッダー ファイル\lib\Obj\Model</Filter>
    </ClInclude>
    <ClInclude Include="Object3D.h">
      <Filter>ヘッダー ファイル\lib\Obj\Model</Filter>
    </ClInclude>
    <ClInclude Include="CollisionAttribute.h">
      <Filter>ヘッダー ファイル\lib\Collider</Filter>
    </ClInclude>
    <ClInclude Include="QueryCallBack.h">
      <Filter>ヘッダー ファイル\lib\Collider</Filter>
    </ClInclude>
    <ClInclude Include="TouchableObject.h">
      <Filter>ヘッダー ファイル\lib\Obj</Filter>
    </ClInclude>
    <ClInclude Include="PointLight.h">
      <Filter>ヘッダー ファイル</Filter>
    </ClInclude>
    <ClInclude Include="DirLight.h">
      <Filter>ヘッダー ファイル</Filter>
    </ClInclude>
    <ClInclude Include="SpotLight.h">
      <Filter>ヘッダー ファイル</Filter>
    </ClInclude>
    <ClInclude Include="CircleShadow.h">
      <Filter>ヘッダー ファイル</Filter>
    </ClInclude>
  </ItemGroup>
  <ItemGroup>
    <None Include="Resources\shader\ObjHeader.hlsli">
      <Filter>リソース ファイル\ObjShader</Filter>
    </None>
    <None Include="Resources\shader\SpriteHeader.hlsli">
      <Filter>リソース ファイル\SpriteShader</Filter>
    </None>
    <None Include="Resources\shader\ScreenHeader.hlsli">
      <Filter>リソース ファイル\ScreenShader</Filter>
    </None>
    <None Include="Resources\shader\Particle.hlsli">
      <Filter>リソース ファイル\ParticleShader</Filter>
    </None>
  </ItemGroup>
  <ItemGroup>
    <FxCompile Include="Resources\shader\ObjPS.hlsl">
      <Filter>リソース ファイル\ObjShader</Filter>
    </FxCompile>
    <FxCompile Include="Resources\shader\ObjVS.hlsl">
      <Filter>リソース ファイル\ObjShader</Filter>
    </FxCompile>
    <FxCompile Include="Resources\shader\SpritePS.hlsl">
      <Filter>リソース ファイル\SpriteShader</Filter>
    </FxCompile>
    <FxCompile Include="Resources\shader\SpriteVS.hlsl">
      <Filter>リソース ファイル\SpriteShader</Filter>
    </FxCompile>
    <FxCompile Include="Resources\shader\ScreenPS.hlsl">
      <Filter>リソース ファイル\ScreenShader</Filter>
    </FxCompile>
    <FxCompile Include="Resources\shader\ScreenVS.hlsl">
      <Filter>リソース ファイル\ScreenShader</Filter>
    </FxCompile>
    <FxCompile Include="Resources\shader\ParticleGS.hlsl">
      <Filter>リソース ファイル\ParticleShader</Filter>
    </FxCompile>
    <FxCompile Include="Resources\shader\ParticlePS.hlsl">
      <Filter>リソース ファイル\ParticleShader</Filter>
    </FxCompile>
    <FxCompile Include="Resources\shader\ParticleVS.hlsl">
      <Filter>リソース ファイル\ParticleShader</Filter>
    </FxCompile>
  </ItemGroup>
</Project>